// !$*UTF8*$!
{
	archiveVersion = 1;
	classes = {
	};
	objectVersion = 46;
	objects = {

/* Begin PBXBuildFile section */
		261DFA1F1AB13E010014EF9D /* AppDelegate.swift in Sources */ = {isa = PBXBuildFile; fileRef = 261DFA1E1AB13E010014EF9D /* AppDelegate.swift */; };
		261DFA221AB13E010014EF9D /* ETSMobile.xcdatamodeld in Sources */ = {isa = PBXBuildFile; fileRef = 261DFA201AB13E010014EF9D /* ETSMobile.xcdatamodeld */; };
		261DFA241AB13E010014EF9D /* MasterViewController.swift in Sources */ = {isa = PBXBuildFile; fileRef = 261DFA231AB13E010014EF9D /* MasterViewController.swift */; };
		261DFA261AB13E010014EF9D /* DetailViewController.swift in Sources */ = {isa = PBXBuildFile; fileRef = 261DFA251AB13E010014EF9D /* DetailViewController.swift */; };
		261DFA291AB13E010014EF9D /* Main.storyboard in Resources */ = {isa = PBXBuildFile; fileRef = 261DFA271AB13E010014EF9D /* Main.storyboard */; };
		261DFA2B1AB13E020014EF9D /* Images.xcassets in Resources */ = {isa = PBXBuildFile; fileRef = 261DFA2A1AB13E020014EF9D /* Images.xcassets */; };
		261DFA2E1AB13E020014EF9D /* LaunchScreen.xib in Resources */ = {isa = PBXBuildFile; fileRef = 261DFA2C1AB13E020014EF9D /* LaunchScreen.xib */; };
		261DFA3A1AB13E020014EF9D /* ETSMobileTests.swift in Sources */ = {isa = PBXBuildFile; fileRef = 261DFA391AB13E020014EF9D /* ETSMobileTests.swift */; };
/* End PBXBuildFile section */

/* Begin PBXContainerItemProxy section */
		261DFA341AB13E020014EF9D /* PBXContainerItemProxy */ = {
			isa = PBXContainerItemProxy;
			containerPortal = 261DFA111AB13E010014EF9D /* Project object */;
			proxyType = 1;
			remoteGlobalIDString = 261DFA181AB13E010014EF9D;
			remoteInfo = ETSMobile;
		};
/* End PBXContainerItemProxy section */

/* Begin PBXFileReference section */
		261DFA191AB13E010014EF9D /* ETSMobile.app */ = {isa = PBXFileReference; explicitFileType = wrapper.application; includeInIndex = 0; path = ETSMobile.app; sourceTree = BUILT_PRODUCTS_DIR; };
		261DFA1D1AB13E010014EF9D /* Info.plist */ = {isa = PBXFileReference; lastKnownFileType = text.plist.xml; path = Info.plist; sourceTree = "<group>"; };
		261DFA1E1AB13E010014EF9D /* AppDelegate.swift */ = {isa = PBXFileReference; lastKnownFileType = sourcecode.swift; path = AppDelegate.swift; sourceTree = "<group>"; };
		261DFA211AB13E010014EF9D /* ETSMobile.xcdatamodel */ = {isa = PBXFileReference; lastKnownFileType = wrapper.xcdatamodel; path = ETSMobile.xcdatamodel; sourceTree = "<group>"; };
		261DFA231AB13E010014EF9D /* MasterViewController.swift */ = {isa = PBXFileReference; lastKnownFileType = sourcecode.swift; path = MasterViewController.swift; sourceTree = "<group>"; };
		261DFA251AB13E010014EF9D /* DetailViewController.swift */ = {isa = PBXFileReference; lastKnownFileType = sourcecode.swift; path = DetailViewController.swift; sourceTree = "<group>"; };
		261DFA281AB13E010014EF9D /* Base */ = {isa = PBXFileReference; lastKnownFileType = file.storyboard; name = Base; path = Base.lproj/Main.storyboard; sourceTree = "<group>"; };
		261DFA2A1AB13E020014EF9D /* Images.xcassets */ = {isa = PBXFileReference; lastKnownFileType = folder.assetcatalog; path = Images.xcassets; sourceTree = "<group>"; };
		261DFA2D1AB13E020014EF9D /* Base */ = {isa = PBXFileReference; lastKnownFileType = file.xib; name = Base; path = Base.lproj/LaunchScreen.xib; sourceTree = "<group>"; };
		261DFA331AB13E020014EF9D /* ETSMobileTests.xctest */ = {isa = PBXFileReference; explicitFileType = wrapper.cfbundle; includeInIndex = 0; path = ETSMobileTests.xctest; sourceTree = BUILT_PRODUCTS_DIR; };
		261DFA381AB13E020014EF9D /* Info.plist */ = {isa = PBXFileReference; lastKnownFileType = text.plist.xml; path = Info.plist; sourceTree = "<group>"; };
		261DFA391AB13E020014EF9D /* ETSMobileTests.swift */ = {isa = PBXFileReference; lastKnownFileType = sourcecode.swift; path = ETSMobileTests.swift; sourceTree = "<group>"; };
/* End PBXFileReference section */

/* Begin PBXFrameworksBuildPhase section */
		261DFA161AB13E010014EF9D /* Frameworks */ = {
			isa = PBXFrameworksBuildPhase;
			buildActionMask = 2147483647;
			files = (
			);
			runOnlyForDeploymentPostprocessing = 0;
		};
		261DFA301AB13E020014EF9D /* Frameworks */ = {
			isa = PBXFrameworksBuildPhase;
			buildActionMask = 2147483647;
			files = (
			);
			runOnlyForDeploymentPostprocessing = 0;
		};
/* End PBXFrameworksBuildPhase section */

/* Begin PBXGroup section */
		261DFA101AB13E010014EF9D = {
			isa = PBXGroup;
			children = (
				261DFA1B1AB13E010014EF9D /* ETSMobile */,
				261DFA361AB13E020014EF9D /* ETSMobileTests */,
				261DFA1A1AB13E010014EF9D /* Products */,
			);
			sourceTree = "<group>";
		};
		261DFA1A1AB13E010014EF9D /* Products */ = {
			isa = PBXGroup;
			children = (
				261DFA191AB13E010014EF9D /* ETSMobile.app */,
				261DFA331AB13E020014EF9D /* ETSMobileTests.xctest */,
			);
			name = Products;
			sourceTree = "<group>";
		};
		261DFA1B1AB13E010014EF9D /* ETSMobile */ = {
			isa = PBXGroup;
			children = (
				261DFA1E1AB13E010014EF9D /* AppDelegate.swift */,
				261DFA231AB13E010014EF9D /* MasterViewController.swift */,
				261DFA251AB13E010014EF9D /* DetailViewController.swift */,
				261DFA271AB13E010014EF9D /* Main.storyboard */,
				261DFA2A1AB13E020014EF9D /* Images.xcassets */,
				261DFA2C1AB13E020014EF9D /* LaunchScreen.xib */,
				261DFA201AB13E010014EF9D /* ETSMobile.xcdatamodeld */,
				261DFA1C1AB13E010014EF9D /* Supporting Files */,
			);
			path = ETSMobile;
			sourceTree = "<group>";
		};
		261DFA1C1AB13E010014EF9D /* Supporting Files */ = {
			isa = PBXGroup;
			children = (
				261DFA1D1AB13E010014EF9D /* Info.plist */,
			);
			name = "Supporting Files";
			sourceTree = "<group>";
		};
		261DFA361AB13E020014EF9D /* ETSMobileTests */ = {
			isa = PBXGroup;
			children = (
				261DFA391AB13E020014EF9D /* ETSMobileTests.swift */,
				261DFA371AB13E020014EF9D /* Supporting Files */,
			);
			path = ETSMobileTests;
			sourceTree = "<group>";
		};
		261DFA371AB13E020014EF9D /* Supporting Files */ = {
			isa = PBXGroup;
			children = (
				261DFA381AB13E020014EF9D /* Info.plist */,
			);
			name = "Supporting Files";
			sourceTree = "<group>";
		};
/* End PBXGroup section */

/* Begin PBXNativeTarget section */
		261DFA181AB13E010014EF9D /* ETSMobile */ = {
			isa = PBXNativeTarget;
			buildConfigurationList = 261DFA3D1AB13E020014EF9D /* Build configuration list for PBXNativeTarget "ETSMobile" */;
			buildPhases = (
				261DFA151AB13E010014EF9D /* Sources */,
				261DFA161AB13E010014EF9D /* Frameworks */,
				261DFA171AB13E010014EF9D /* Resources */,
			);
			buildRules = (
			);
			dependencies = (
			);
			name = ETSMobile;
			productName = ETSMobile;
			productReference = 261DFA191AB13E010014EF9D /* ETSMobile.app */;
			productType = "com.apple.product-type.application";
		};
		261DFA321AB13E020014EF9D /* ETSMobileTests */ = {
			isa = PBXNativeTarget;
			buildConfigurationList = 261DFA401AB13E020014EF9D /* Build configuration list for PBXNativeTarget "ETSMobileTests" */;
			buildPhases = (
				261DFA2F1AB13E020014EF9D /* Sources */,
				261DFA301AB13E020014EF9D /* Frameworks */,
				261DFA311AB13E020014EF9D /* Resources */,
			);
			buildRules = (
			);
			dependencies = (
				261DFA351AB13E020014EF9D /* PBXTargetDependency */,
			);
			name = ETSMobileTests;
			productName = ETSMobileTests;
			productReference = 261DFA331AB13E020014EF9D /* ETSMobileTests.xctest */;
			productType = "com.apple.product-type.bundle.unit-test";
		};
/* End PBXNativeTarget section */

/* Begin PBXProject section */
		261DFA111AB13E010014EF9D /* Project object */ = {
			isa = PBXProject;
			attributes = {
				LastUpgradeCheck = 0620;
				ORGANIZATIONNAME = ApplETS;
				TargetAttributes = {
					261DFA181AB13E010014EF9D = {
						CreatedOnToolsVersion = 6.2;
						DevelopmentTeam = N742HF354K;
					};
					261DFA321AB13E020014EF9D = {
						CreatedOnToolsVersion = 6.2;
						TestTargetID = 261DFA181AB13E010014EF9D;
					};
				};
			};
			buildConfigurationList = 261DFA141AB13E010014EF9D /* Build configuration list for PBXProject "ETSMobile" */;
			compatibilityVersion = "Xcode 3.2";
			developmentRegion = English;
			hasScannedForEncodings = 0;
			knownRegions = (
				en,
				Base,
			);
			mainGroup = 261DFA101AB13E010014EF9D;
			productRefGroup = 261DFA1A1AB13E010014EF9D /* Products */;
			projectDirPath = "";
			projectRoot = "";
			targets = (
				261DFA181AB13E010014EF9D /* ETSMobile */,
				261DFA321AB13E020014EF9D /* ETSMobileTests */,
			);
		};
/* End PBXProject section */

/* Begin PBXResourcesBuildPhase section */
		261DFA171AB13E010014EF9D /* Resources */ = {
			isa = PBXResourcesBuildPhase;
			buildActionMask = 2147483647;
			files = (
				261DFA291AB13E010014EF9D /* Main.storyboard in Resources */,
				261DFA2E1AB13E020014EF9D /* LaunchScreen.xib in Resources */,
				261DFA2B1AB13E020014EF9D /* Images.xcassets in Resources */,
			);
			runOnlyForDeploymentPostprocessing = 0;
		};
		261DFA311AB13E020014EF9D /* Resources */ = {
			isa = PBXResourcesBuildPhase;
			buildActionMask = 2147483647;
			files = (
			);
			runOnlyForDeploymentPostprocessing = 0;
		};
/* End PBXResourcesBuildPhase section */

/* Begin PBXSourcesBuildPhase section */
		261DFA151AB13E010014EF9D /* Sources */ = {
			isa = PBXSourcesBuildPhase;
			buildActionMask = 2147483647;
			files = (
				261DFA221AB13E010014EF9D /* ETSMobile.xcdatamodeld in Sources */,
				261DFA1F1AB13E010014EF9D /* AppDelegate.swift in Sources */,
				261DFA241AB13E010014EF9D /* MasterViewController.swift in Sources */,
				261DFA261AB13E010014EF9D /* DetailViewController.swift in Sources */,
			);
			runOnlyForDeploymentPostprocessing = 0;
		};
		261DFA2F1AB13E020014EF9D /* Sources */ = {
			isa = PBXSourcesBuildPhase;
			buildActionMask = 2147483647;
			files = (
				261DFA3A1AB13E020014EF9D /* ETSMobileTests.swift in Sources */,
			);
			runOnlyForDeploymentPostprocessing = 0;
		};
/* End PBXSourcesBuildPhase section */

/* Begin PBXTargetDependency section */
		261DFA351AB13E020014EF9D /* PBXTargetDependency */ = {
			isa = PBXTargetDependency;
			target = 261DFA181AB13E010014EF9D /* ETSMobile */;
			targetProxy = 261DFA341AB13E020014EF9D /* PBXContainerItemProxy */;
		};
/* End PBXTargetDependency section */

/* Begin PBXVariantGroup section */
		261DFA271AB13E010014EF9D /* Main.storyboard */ = {
			isa = PBXVariantGroup;
			children = (
				261DFA281AB13E010014EF9D /* Base */,
			);
			name = Main.storyboard;
			sourceTree = "<group>";
		};
		261DFA2C1AB13E020014EF9D /* LaunchScreen.xib */ = {
			isa = PBXVariantGroup;
			children = (
				261DFA2D1AB13E020014EF9D /* Base */,
			);
			name = LaunchScreen.xib;
			sourceTree = "<group>";
		};
/* End PBXVariantGroup section */

/* Begin XCBuildConfiguration section */
		261DFA3B1AB13E020014EF9D /* Debug */ = {
			isa = XCBuildConfiguration;
			buildSettings = {
				ALWAYS_SEARCH_USER_PATHS = NO;
				CLANG_CXX_LANGUAGE_STANDARD = "gnu++0x";
				CLANG_CXX_LIBRARY = "libc++";
				CLANG_ENABLE_MODULES = YES;
				CLANG_ENABLE_OBJC_ARC = YES;
				CLANG_WARN_BOOL_CONVERSION = YES;
				CLANG_WARN_CONSTANT_CONVERSION = YES;
				CLANG_WARN_DIRECT_OBJC_ISA_USAGE = YES_ERROR;
				CLANG_WARN_EMPTY_BODY = YES;
				CLANG_WARN_ENUM_CONVERSION = YES;
				CLANG_WARN_INT_CONVERSION = YES;
				CLANG_WARN_OBJC_ROOT_CLASS = YES_ERROR;
				CLANG_WARN_UNREACHABLE_CODE = YES;
				CLANG_WARN__DUPLICATE_METHOD_MATCH = YES;
				"CODE_SIGN_IDENTITY[sdk=iphoneos*]" = "iPhone Developer";
				COPY_PHASE_STRIP = NO;
				ENABLE_STRICT_OBJC_MSGSEND = YES;
				GCC_C_LANGUAGE_STANDARD = gnu99;
				GCC_DYNAMIC_NO_PIC = NO;
				GCC_OPTIMIZATION_LEVEL = 0;
				GCC_PREPROCESSOR_DEFINITIONS = (
					"DEBUG=1",
					"$(inherited)",
				);
				GCC_SYMBOLS_PRIVATE_EXTERN = NO;
				GCC_WARN_64_TO_32_BIT_CONVERSION = YES;
				GCC_WARN_ABOUT_RETURN_TYPE = YES_ERROR;
				GCC_WARN_UNDECLARED_SELECTOR = YES;
				GCC_WARN_UNINITIALIZED_AUTOS = YES_AGGRESSIVE;
				GCC_WARN_UNUSED_FUNCTION = YES;
				GCC_WARN_UNUSED_VARIABLE = YES;
				IPHONEOS_DEPLOYMENT_TARGET = 8.2;
				MTL_ENABLE_DEBUG_INFO = YES;
				ONLY_ACTIVE_ARCH = YES;
				SDKROOT = iphoneos;
				SWIFT_OPTIMIZATION_LEVEL = "-Onone";
				TARGETED_DEVICE_FAMILY = "1,2";
			};
			name = Debug;
		};
		261DFA3C1AB13E020014EF9D /* Release */ = {
			isa = XCBuildConfiguration;
			buildSettings = {
				ALWAYS_SEARCH_USER_PATHS = NO;
				CLANG_CXX_LANGUAGE_STANDARD = "gnu++0x";
				CLANG_CXX_LIBRARY = "libc++";
				CLANG_ENABLE_MODULES = YES;
				CLANG_ENABLE_OBJC_ARC = YES;
				CLANG_WARN_BOOL_CONVERSION = YES;
				CLANG_WARN_CONSTANT_CONVERSION = YES;
				CLANG_WARN_DIRECT_OBJC_ISA_USAGE = YES_ERROR;
				CLANG_WARN_EMPTY_BODY = YES;
				CLANG_WARN_ENUM_CONVERSION = YES;
				CLANG_WARN_INT_CONVERSION = YES;
				CLANG_WARN_OBJC_ROOT_CLASS = YES_ERROR;
				CLANG_WARN_UNREACHABLE_CODE = YES;
				CLANG_WARN__DUPLICATE_METHOD_MATCH = YES;
				"CODE_SIGN_IDENTITY[sdk=iphoneos*]" = "iPhone Developer";
				COPY_PHASE_STRIP = NO;
				ENABLE_NS_ASSERTIONS = NO;
				ENABLE_STRICT_OBJC_MSGSEND = YES;
				GCC_C_LANGUAGE_STANDARD = gnu99;
				GCC_WARN_64_TO_32_BIT_CONVERSION = YES;
				GCC_WARN_ABOUT_RETURN_TYPE = YES_ERROR;
				GCC_WARN_UNDECLARED_SELECTOR = YES;
				GCC_WARN_UNINITIALIZED_AUTOS = YES_AGGRESSIVE;
				GCC_WARN_UNUSED_FUNCTION = YES;
				GCC_WARN_UNUSED_VARIABLE = YES;
				IPHONEOS_DEPLOYMENT_TARGET = 8.2;
				MTL_ENABLE_DEBUG_INFO = NO;
				SDKROOT = iphoneos;
				TARGETED_DEVICE_FAMILY = "1,2";
				VALIDATE_PRODUCT = YES;
			};
			name = Release;
		};
		261DFA3E1AB13E020014EF9D /* Debug */ = {
			isa = XCBuildConfiguration;
			buildSettings = {
				ASSETCATALOG_COMPILER_APPICON_NAME = AppIcon;
				CODE_SIGN_IDENTITY = "iPhone Developer";
				INFOPLIST_FILE = ETSMobile/Info.plist;
				LD_RUNPATH_SEARCH_PATHS = "$(inherited) @executable_path/Frameworks";
				PRODUCT_NAME = "$(TARGET_NAME)";
			};
			name = Debug;
		};
		261DFA3F1AB13E020014EF9D /* Release */ = {
			isa = XCBuildConfiguration;
			buildSettings = {
				ASSETCATALOG_COMPILER_APPICON_NAME = AppIcon;
				CODE_SIGN_IDENTITY = "iPhone Developer";
				INFOPLIST_FILE = ETSMobile/Info.plist;
				LD_RUNPATH_SEARCH_PATHS = "$(inherited) @executable_path/Frameworks";
				PRODUCT_NAME = "$(TARGET_NAME)";
			};
			name = Release;
		};
		261DFA411AB13E020014EF9D /* Debug */ = {
			isa = XCBuildConfiguration;
			buildSettings = {
				BUNDLE_LOADER = "$(TEST_HOST)";
				FRAMEWORK_SEARCH_PATHS = (
					"$(SDKROOT)/Developer/Library/Frameworks",
					"$(inherited)",
				);
				GCC_PREPROCESSOR_DEFINITIONS = (
					"DEBUG=1",
					"$(inherited)",
				);
				INFOPLIST_FILE = ETSMobileTests/Info.plist;
				LD_RUNPATH_SEARCH_PATHS = "$(inherited) @executable_path/Frameworks @loader_path/Frameworks";
				PRODUCT_NAME = "$(TARGET_NAME)";
				TEST_HOST = "$(BUILT_PRODUCTS_DIR)/ETSMobile.app/ETSMobile";
			};
			name = Debug;
		};
		261DFA421AB13E020014EF9D /* Release */ = {
			isa = XCBuildConfiguration;
			buildSettings = {
				BUNDLE_LOADER = "$(TEST_HOST)";
				FRAMEWORK_SEARCH_PATHS = (
					"$(SDKROOT)/Developer/Library/Frameworks",
					"$(inherited)",
				);
				INFOPLIST_FILE = ETSMobileTests/Info.plist;
				LD_RUNPATH_SEARCH_PATHS = "$(inherited) @executable_path/Frameworks @loader_path/Frameworks";
				PRODUCT_NAME = "$(TARGET_NAME)";
				TEST_HOST = "$(BUILT_PRODUCTS_DIR)/ETSMobile.app/ETSMobile";
			};
			name = Release;
		};
/* End XCBuildConfiguration section */

/* Begin XCConfigurationList section */
		261DFA141AB13E010014EF9D /* Build configuration list for PBXProject "ETSMobile" */ = {
			isa = XCConfigurationList;
			buildConfigurations = (
				261DFA3B1AB13E020014EF9D /* Debug */,
				261DFA3C1AB13E020014EF9D /* Release */,
			);
			defaultConfigurationIsVisible = 0;
			defaultConfigurationName = Release;
		};
		261DFA3D1AB13E020014EF9D /* Build configuration list for PBXNativeTarget "ETSMobile" */ = {
			isa = XCConfigurationList;
			buildConfigurations = (
				261DFA3E1AB13E020014EF9D /* Debug */,
				261DFA3F1AB13E020014EF9D /* Release */,
			);
			defaultConfigurationIsVisible = 0;
			defaultConfigurationName = Release;
		};
		261DFA401AB13E020014EF9D /* Build configuration list for PBXNativeTarget "ETSMobileTests" */ = {
			isa = XCConfigurationList;
			buildConfigurations = (
				261DFA411AB13E020014EF9D /* Debug */,
				261DFA421AB13E020014EF9D /* Release */,
			);
			defaultConfigurationIsVisible = 0;
			defaultConfigurationName = Release;
		};
/* End XCConfigurationList section */

/* Begin XCVersionGroup section */
		261DFA201AB13E010014EF9D /* ETSMobile.xcdatamodeld */ = {
			isa = XCVersionGroup;
			children = (
				261DFA211AB13E010014EF9D /* ETSMobile.xcdatamodel */,
			);
			currentVersion = 261DFA211AB13E010014EF9D /* ETSMobile.xcdatamodel */;
			path = ETSMobile.xcdatamodeld;
			sourceTree = "<group>";
			versionGroupType = wrapper.xcdatamodel;
		};
/* End XCVersionGroup section */
	};
	rootObject = 261DFA111AB13E010014EF9D /* Project object */;
}
