// !$*UTF8*$!
{
	archiveVersion = 1;
	classes = {
	};
	objectVersion = 46;
	objects = {

/* Begin PBXBuildFile section */
		2630620B1A2D4052000D8172 /* AppDelegate.swift in Sources */ = {isa = PBXBuildFile; fileRef = 2630620A1A2D4052000D8172 /* AppDelegate.swift */; };
		2630620E1A2D4052000D8172 /* ETSMobile.xcdatamodeld in Sources */ = {isa = PBXBuildFile; fileRef = 2630620C1A2D4052000D8172 /* ETSMobile.xcdatamodeld */; };
		263062101A2D4052000D8172 /* MasterViewController.swift in Sources */ = {isa = PBXBuildFile; fileRef = 2630620F1A2D4052000D8172 /* MasterViewController.swift */; };
		263062121A2D4052000D8172 /* DetailViewController.swift in Sources */ = {isa = PBXBuildFile; fileRef = 263062111A2D4052000D8172 /* DetailViewController.swift */; };
		263062151A2D4052000D8172 /* Main.storyboard in Resources */ = {isa = PBXBuildFile; fileRef = 263062131A2D4052000D8172 /* Main.storyboard */; };
		263062171A2D4052000D8172 /* Images.xcassets in Resources */ = {isa = PBXBuildFile; fileRef = 263062161A2D4052000D8172 /* Images.xcassets */; };
		2630621A1A2D4052000D8172 /* LaunchScreen.xib in Resources */ = {isa = PBXBuildFile; fileRef = 263062181A2D4052000D8172 /* LaunchScreen.xib */; };
		263062261A2D4052000D8172 /* ETSMobileTests.swift in Sources */ = {isa = PBXBuildFile; fileRef = 263062251A2D4052000D8172 /* ETSMobileTests.swift */; };
/* End PBXBuildFile section */

/* Begin PBXContainerItemProxy section */
		263062201A2D4052000D8172 /* PBXContainerItemProxy */ = {
			isa = PBXContainerItemProxy;
			containerPortal = 263061FD1A2D4052000D8172 /* Project object */;
			proxyType = 1;
			remoteGlobalIDString = 263062041A2D4052000D8172;
			remoteInfo = ETSMobile;
		};
/* End PBXContainerItemProxy section */

/* Begin PBXFileReference section */
		263062051A2D4052000D8172 /* ETSMobile.app */ = {isa = PBXFileReference; explicitFileType = wrapper.application; includeInIndex = 0; path = ETSMobile.app; sourceTree = BUILT_PRODUCTS_DIR; };
		263062091A2D4052000D8172 /* Info.plist */ = {isa = PBXFileReference; lastKnownFileType = text.plist.xml; path = Info.plist; sourceTree = "<group>"; };
		2630620A1A2D4052000D8172 /* AppDelegate.swift */ = {isa = PBXFileReference; lastKnownFileType = sourcecode.swift; path = AppDelegate.swift; sourceTree = "<group>"; };
		2630620D1A2D4052000D8172 /* ETSMobile.xcdatamodel */ = {isa = PBXFileReference; lastKnownFileType = wrapper.xcdatamodel; path = ETSMobile.xcdatamodel; sourceTree = "<group>"; };
		2630620F1A2D4052000D8172 /* MasterViewController.swift */ = {isa = PBXFileReference; lastKnownFileType = sourcecode.swift; path = MasterViewController.swift; sourceTree = "<group>"; };
		263062111A2D4052000D8172 /* DetailViewController.swift */ = {isa = PBXFileReference; lastKnownFileType = sourcecode.swift; path = DetailViewController.swift; sourceTree = "<group>"; };
		263062141A2D4052000D8172 /* Base */ = {isa = PBXFileReference; lastKnownFileType = file.storyboard; name = Base; path = Base.lproj/Main.storyboard; sourceTree = "<group>"; };
		263062161A2D4052000D8172 /* Images.xcassets */ = {isa = PBXFileReference; lastKnownFileType = folder.assetcatalog; path = Images.xcassets; sourceTree = "<group>"; };
		263062191A2D4052000D8172 /* Base */ = {isa = PBXFileReference; lastKnownFileType = file.xib; name = Base; path = Base.lproj/LaunchScreen.xib; sourceTree = "<group>"; };
		2630621F1A2D4052000D8172 /* ETSMobileTests.xctest */ = {isa = PBXFileReference; explicitFileType = wrapper.cfbundle; includeInIndex = 0; path = ETSMobileTests.xctest; sourceTree = BUILT_PRODUCTS_DIR; };
		263062241A2D4052000D8172 /* Info.plist */ = {isa = PBXFileReference; lastKnownFileType = text.plist.xml; path = Info.plist; sourceTree = "<group>"; };
		263062251A2D4052000D8172 /* ETSMobileTests.swift */ = {isa = PBXFileReference; lastKnownFileType = sourcecode.swift; path = ETSMobileTests.swift; sourceTree = "<group>"; };
/* End PBXFileReference section */

/* Begin PBXFrameworksBuildPhase section */
		263062021A2D4052000D8172 /* Frameworks */ = {
			isa = PBXFrameworksBuildPhase;
			buildActionMask = 2147483647;
			files = (
			);
			runOnlyForDeploymentPostprocessing = 0;
		};
		2630621C1A2D4052000D8172 /* Frameworks */ = {
			isa = PBXFrameworksBuildPhase;
			buildActionMask = 2147483647;
			files = (
			);
			runOnlyForDeploymentPostprocessing = 0;
		};
/* End PBXFrameworksBuildPhase section */

/* Begin PBXGroup section */
		263061FC1A2D4052000D8172 = {
			isa = PBXGroup;
			children = (
				263062071A2D4052000D8172 /* ETSMobile */,
				263062221A2D4052000D8172 /* ETSMobileTests */,
				263062061A2D4052000D8172 /* Products */,
			);
			sourceTree = "<group>";
		};
		263062061A2D4052000D8172 /* Products */ = {
			isa = PBXGroup;
			children = (
				263062051A2D4052000D8172 /* ETSMobile.app */,
				2630621F1A2D4052000D8172 /* ETSMobileTests.xctest */,
			);
			name = Products;
			sourceTree = "<group>";
		};
		263062071A2D4052000D8172 /* ETSMobile */ = {
			isa = PBXGroup;
			children = (
				2630620A1A2D4052000D8172 /* AppDelegate.swift */,
				2630620F1A2D4052000D8172 /* MasterViewController.swift */,
				263062111A2D4052000D8172 /* DetailViewController.swift */,
				263062131A2D4052000D8172 /* Main.storyboard */,
				263062161A2D4052000D8172 /* Images.xcassets */,
				263062181A2D4052000D8172 /* LaunchScreen.xib */,
				2630620C1A2D4052000D8172 /* ETSMobile.xcdatamodeld */,
				263062081A2D4052000D8172 /* Supporting Files */,
			);
			path = ETSMobile;
			sourceTree = "<group>";
		};
		263062081A2D4052000D8172 /* Supporting Files */ = {
			isa = PBXGroup;
			children = (
				263062091A2D4052000D8172 /* Info.plist */,
			);
			name = "Supporting Files";
			sourceTree = "<group>";
		};
		263062221A2D4052000D8172 /* ETSMobileTests */ = {
			isa = PBXGroup;
			children = (
				263062251A2D4052000D8172 /* ETSMobileTests.swift */,
				263062231A2D4052000D8172 /* Supporting Files */,
			);
			path = ETSMobileTests;
			sourceTree = "<group>";
		};
		263062231A2D4052000D8172 /* Supporting Files */ = {
			isa = PBXGroup;
			children = (
				263062241A2D4052000D8172 /* Info.plist */,
			);
			name = "Supporting Files";
			sourceTree = "<group>";
		};
/* End PBXGroup section */

/* Begin PBXNativeTarget section */
		263062041A2D4052000D8172 /* ETSMobile */ = {
			isa = PBXNativeTarget;
			buildConfigurationList = 263062291A2D4052000D8172 /* Build configuration list for PBXNativeTarget "ETSMobile" */;
			buildPhases = (
				263062011A2D4052000D8172 /* Sources */,
				263062021A2D4052000D8172 /* Frameworks */,
				263062031A2D4052000D8172 /* Resources */,
			);
			buildRules = (
			);
			dependencies = (
			);
			name = ETSMobile;
			productName = ETSMobile;
			productReference = 263062051A2D4052000D8172 /* ETSMobile.app */;
			productType = "com.apple.product-type.application";
		};
		2630621E1A2D4052000D8172 /* ETSMobileTests */ = {
			isa = PBXNativeTarget;
			buildConfigurationList = 2630622C1A2D4052000D8172 /* Build configuration list for PBXNativeTarget "ETSMobileTests" */;
			buildPhases = (
				2630621B1A2D4052000D8172 /* Sources */,
				2630621C1A2D4052000D8172 /* Frameworks */,
				2630621D1A2D4052000D8172 /* Resources */,
			);
			buildRules = (
			);
			dependencies = (
				263062211A2D4052000D8172 /* PBXTargetDependency */,
			);
			name = ETSMobileTests;
			productName = ETSMobileTests;
			productReference = 2630621F1A2D4052000D8172 /* ETSMobileTests.xctest */;
			productType = "com.apple.product-type.bundle.unit-test";
		};
/* End PBXNativeTarget section */

/* Begin PBXProject section */
		263061FD1A2D4052000D8172 /* Project object */ = {
			isa = PBXProject;
			attributes = {
				LastUpgradeCheck = 0610;
				ORGANIZATIONNAME = ApplETS;
				TargetAttributes = {
					263062041A2D4052000D8172 = {
						CreatedOnToolsVersion = 6.1;
					};
					2630621E1A2D4052000D8172 = {
						CreatedOnToolsVersion = 6.1;
						TestTargetID = 263062041A2D4052000D8172;
					};
				};
			};
			buildConfigurationList = 263062001A2D4052000D8172 /* Build configuration list for PBXProject "ETSMobile" */;
			compatibilityVersion = "Xcode 3.2";
			developmentRegion = English;
			hasScannedForEncodings = 0;
			knownRegions = (
				en,
				Base,
			);
			mainGroup = 263061FC1A2D4052000D8172;
			productRefGroup = 263062061A2D4052000D8172 /* Products */;
			projectDirPath = "";
			projectRoot = "";
			targets = (
				263062041A2D4052000D8172 /* ETSMobile */,
				2630621E1A2D4052000D8172 /* ETSMobileTests */,
			);
		};
/* End PBXProject section */

/* Begin PBXResourcesBuildPhase section */
		263062031A2D4052000D8172 /* Resources */ = {
			isa = PBXResourcesBuildPhase;
			buildActionMask = 2147483647;
			files = (
				263062151A2D4052000D8172 /* Main.storyboard in Resources */,
				2630621A1A2D4052000D8172 /* LaunchScreen.xib in Resources */,
				263062171A2D4052000D8172 /* Images.xcassets in Resources */,
			);
			runOnlyForDeploymentPostprocessing = 0;
		};
		2630621D1A2D4052000D8172 /* Resources */ = {
			isa = PBXResourcesBuildPhase;
			buildActionMask = 2147483647;
			files = (
			);
			runOnlyForDeploymentPostprocessing = 0;
		};
/* End PBXResourcesBuildPhase section */

/* Begin PBXSourcesBuildPhase section */
		263062011A2D4052000D8172 /* Sources */ = {
			isa = PBXSourcesBuildPhase;
			buildActionMask = 2147483647;
			files = (
				2630620E1A2D4052000D8172 /* ETSMobile.xcdatamodeld in Sources */,
				2630620B1A2D4052000D8172 /* AppDelegate.swift in Sources */,
				263062101A2D4052000D8172 /* MasterViewController.swift in Sources */,
				263062121A2D4052000D8172 /* DetailViewController.swift in Sources */,
			);
			runOnlyForDeploymentPostprocessing = 0;
		};
		2630621B1A2D4052000D8172 /* Sources */ = {
			isa = PBXSourcesBuildPhase;
			buildActionMask = 2147483647;
			files = (
				263062261A2D4052000D8172 /* ETSMobileTests.swift in Sources */,
			);
			runOnlyForDeploymentPostprocessing = 0;
		};
/* End PBXSourcesBuildPhase section */

/* Begin PBXTargetDependency section */
		263062211A2D4052000D8172 /* PBXTargetDependency */ = {
			isa = PBXTargetDependency;
			target = 263062041A2D4052000D8172 /* ETSMobile */;
			targetProxy = 263062201A2D4052000D8172 /* PBXContainerItemProxy */;
		};
/* End PBXTargetDependency section */

/* Begin PBXVariantGroup section */
		263062131A2D4052000D8172 /* Main.storyboard */ = {
			isa = PBXVariantGroup;
			children = (
				263062141A2D4052000D8172 /* Base */,
			);
			name = Main.storyboard;
			sourceTree = "<group>";
		};
		263062181A2D4052000D8172 /* LaunchScreen.xib */ = {
			isa = PBXVariantGroup;
			children = (
				263062191A2D4052000D8172 /* Base */,
			);
			name = LaunchScreen.xib;
			sourceTree = "<group>";
		};
/* End PBXVariantGroup section */

/* Begin XCBuildConfiguration section */
		263062271A2D4052000D8172 /* Debug */ = {
			isa = XCBuildConfiguration;
			buildSettings = {
				ALWAYS_SEARCH_USER_PATHS = NO;
				CLANG_CXX_LANGUAGE_STANDARD = "gnu++0x";
				CLANG_CXX_LIBRARY = "libc++";
				CLANG_ENABLE_MODULES = YES;
				CLANG_ENABLE_OBJC_ARC = YES;
				CLANG_WARN_BOOL_CONVERSION = YES;
				CLANG_WARN_CONSTANT_CONVERSION = YES;
				CLANG_WARN_DIRECT_OBJC_ISA_USAGE = YES_ERROR;
				CLANG_WARN_EMPTY_BODY = YES;
				CLANG_WARN_ENUM_CONVERSION = YES;
				CLANG_WARN_INT_CONVERSION = YES;
				CLANG_WARN_OBJC_ROOT_CLASS = YES_ERROR;
				CLANG_WARN_UNREACHABLE_CODE = YES;
				CLANG_WARN__DUPLICATE_METHOD_MATCH = YES;
				"CODE_SIGN_IDENTITY[sdk=iphoneos*]" = "iPhone Developer";
				COPY_PHASE_STRIP = NO;
				ENABLE_STRICT_OBJC_MSGSEND = YES;
				GCC_C_LANGUAGE_STANDARD = gnu99;
				GCC_DYNAMIC_NO_PIC = NO;
				GCC_OPTIMIZATION_LEVEL = 0;
				GCC_PREPROCESSOR_DEFINITIONS = (
					"DEBUG=1",
					"$(inherited)",
				);
				GCC_SYMBOLS_PRIVATE_EXTERN = NO;
				GCC_WARN_64_TO_32_BIT_CONVERSION = YES;
				GCC_WARN_ABOUT_RETURN_TYPE = YES_ERROR;
				GCC_WARN_UNDECLARED_SELECTOR = YES;
				GCC_WARN_UNINITIALIZED_AUTOS = YES_AGGRESSIVE;
				GCC_WARN_UNUSED_FUNCTION = YES;
				GCC_WARN_UNUSED_VARIABLE = YES;
				IPHONEOS_DEPLOYMENT_TARGET = 8.1;
				MTL_ENABLE_DEBUG_INFO = YES;
				ONLY_ACTIVE_ARCH = YES;
				SDKROOT = iphoneos;
				SWIFT_OPTIMIZATION_LEVEL = "-Onone";
				TARGETED_DEVICE_FAMILY = "1,2";
			};
			name = Debug;
		};
		263062281A2D4052000D8172 /* Release */ = {
			isa = XCBuildConfiguration;
			buildSettings = {
				ALWAYS_SEARCH_USER_PATHS = NO;
				CLANG_CXX_LANGUAGE_STANDARD = "gnu++0x";
				CLANG_CXX_LIBRARY = "libc++";
				CLANG_ENABLE_MODULES = YES;
				CLANG_ENABLE_OBJC_ARC = YES;
				CLANG_WARN_BOOL_CONVERSION = YES;
				CLANG_WARN_CONSTANT_CONVERSION = YES;
				CLANG_WARN_DIRECT_OBJC_ISA_USAGE = YES_ERROR;
				CLANG_WARN_EMPTY_BODY = YES;
				CLANG_WARN_ENUM_CONVERSION = YES;
				CLANG_WARN_INT_CONVERSION = YES;
				CLANG_WARN_OBJC_ROOT_CLASS = YES_ERROR;
				CLANG_WARN_UNREACHABLE_CODE = YES;
				CLANG_WARN__DUPLICATE_METHOD_MATCH = YES;
				"CODE_SIGN_IDENTITY[sdk=iphoneos*]" = "iPhone Developer";
				COPY_PHASE_STRIP = YES;
				ENABLE_NS_ASSERTIONS = NO;
				ENABLE_STRICT_OBJC_MSGSEND = YES;
				GCC_C_LANGUAGE_STANDARD = gnu99;
				GCC_WARN_64_TO_32_BIT_CONVERSION = YES;
				GCC_WARN_ABOUT_RETURN_TYPE = YES_ERROR;
				GCC_WARN_UNDECLARED_SELECTOR = YES;
				GCC_WARN_UNINITIALIZED_AUTOS = YES_AGGRESSIVE;
				GCC_WARN_UNUSED_FUNCTION = YES;
				GCC_WARN_UNUSED_VARIABLE = YES;
				IPHONEOS_DEPLOYMENT_TARGET = 8.1;
				MTL_ENABLE_DEBUG_INFO = NO;
				SDKROOT = iphoneos;
				TARGETED_DEVICE_FAMILY = "1,2";
				VALIDATE_PRODUCT = YES;
			};
			name = Release;
		};
		2630622A1A2D4052000D8172 /* Debug */ = {
			isa = XCBuildConfiguration;
			buildSettings = {
				ASSETCATALOG_COMPILER_APPICON_NAME = AppIcon;
				INFOPLIST_FILE = ETSMobile/Info.plist;
				LD_RUNPATH_SEARCH_PATHS = "$(inherited) @executable_path/Frameworks";
				PRODUCT_NAME = "$(TARGET_NAME)";
			};
			name = Debug;
		};
		2630622B1A2D4052000D8172 /* Release */ = {
			isa = XCBuildConfiguration;
			buildSettings = {
				ASSETCATALOG_COMPILER_APPICON_NAME = AppIcon;
				INFOPLIST_FILE = ETSMobile/Info.plist;
				LD_RUNPATH_SEARCH_PATHS = "$(inherited) @executable_path/Frameworks";
				PRODUCT_NAME = "$(TARGET_NAME)";
			};
			name = Release;
		};
		2630622D1A2D4052000D8172 /* Debug */ = {
			isa = XCBuildConfiguration;
			buildSettings = {
				BUNDLE_LOADER = "$(TEST_HOST)";
				FRAMEWORK_SEARCH_PATHS = (
					"$(SDKROOT)/Developer/Library/Frameworks",
					"$(inherited)",
				);
				GCC_PREPROCESSOR_DEFINITIONS = (
					"DEBUG=1",
					"$(inherited)",
				);
				INFOPLIST_FILE = ETSMobileTests/Info.plist;
				LD_RUNPATH_SEARCH_PATHS = "$(inherited) @executable_path/Frameworks @loader_path/Frameworks";
				PRODUCT_NAME = "$(TARGET_NAME)";
				TEST_HOST = "$(BUILT_PRODUCTS_DIR)/ETSMobile.app/ETSMobile";
			};
			name = Debug;
		};
		2630622E1A2D4052000D8172 /* Release */ = {
			isa = XCBuildConfiguration;
			buildSettings = {
				BUNDLE_LOADER = "$(TEST_HOST)";
				FRAMEWORK_SEARCH_PATHS = (
					"$(SDKROOT)/Developer/Library/Frameworks",
					"$(inherited)",
				);
				INFOPLIST_FILE = ETSMobileTests/Info.plist;
				LD_RUNPATH_SEARCH_PATHS = "$(inherited) @executable_path/Frameworks @loader_path/Frameworks";
				PRODUCT_NAME = "$(TARGET_NAME)";
				TEST_HOST = "$(BUILT_PRODUCTS_DIR)/ETSMobile.app/ETSMobile";
			};
			name = Release;
		};
/* End XCBuildConfiguration section */

/* Begin XCConfigurationList section */
		263062001A2D4052000D8172 /* Build configuration list for PBXProject "ETSMobile" */ = {
			isa = XCConfigurationList;
			buildConfigurations = (
				263062271A2D4052000D8172 /* Debug */,
				263062281A2D4052000D8172 /* Release */,
			);
			defaultConfigurationIsVisible = 0;
			defaultConfigurationName = Release;
		};
		263062291A2D4052000D8172 /* Build configuration list for PBXNativeTarget "ETSMobile" */ = {
			isa = XCConfigurationList;
			buildConfigurations = (
				2630622A1A2D4052000D8172 /* Debug */,
				2630622B1A2D4052000D8172 /* Release */,
			);
			defaultConfigurationIsVisible = 0;
		};
		2630622C1A2D4052000D8172 /* Build configuration list for PBXNativeTarget "ETSMobileTests" */ = {
			isa = XCConfigurationList;
			buildConfigurations = (
				2630622D1A2D4052000D8172 /* Debug */,
				2630622E1A2D4052000D8172 /* Release */,
			);
			defaultConfigurationIsVisible = 0;
		};
/* End XCConfigurationList section */

/* Begin XCVersionGroup section */
		2630620C1A2D4052000D8172 /* ETSMobile.xcdatamodeld */ = {
			isa = XCVersionGroup;
			children = (
				2630620D1A2D4052000D8172 /* ETSMobile.xcdatamodel */,
			);
			currentVersion = 2630620D1A2D4052000D8172 /* ETSMobile.xcdatamodel */;
			path = ETSMobile.xcdatamodeld;
			sourceTree = "<group>";
			versionGroupType = wrapper.xcdatamodel;
		};
/* End XCVersionGroup section */
	};
	rootObject = 263061FD1A2D4052000D8172 /* Project object */;
}
